schema: '2.0'
stages:
  data_ingestion:
    cmd: python src/data_ingestion.py
    deps:
    - path: src/data_ingestion.py
      hash: md5
      md5: 7fbe20a34a369ae75603398d7dd8a317
      size: 4001
    params:
      params.yaml:
        data_ingestion.test_size: 0.24
    outs:
    - path: data/raw
      hash: md5
      md5: 3f46c3cfa48673b05f6a53fd97b49497.dir
      size: 484846
      nfiles: 2
  data_preprocessing:
    cmd: python src/data_preprocessing.py
    deps:
    - path: data/raw
      hash: md5
      md5: 3f46c3cfa48673b05f6a53fd97b49497.dir
      size: 484846
      nfiles: 2
    - path: src/data_preprocessing.py
      hash: md5
      md5: e3d181205fec975c6f40a939d3b40161
      size: 4424
    outs:
    - path: data/interim
      hash: md5
      md5: 47315a4e885d9ed11a4567f1471ad542.dir
      size: 261334
      nfiles: 2
  feature_engineering:
    cmd: python src/feature_engineering.py
    deps:
    - path: data/interim
      hash: md5
      md5: 47315a4e885d9ed11a4567f1471ad542.dir
      size: 261334
      nfiles: 2
    - path: src/feature_engineering.py
      hash: md5
      md5: 6a233393fe24b61692092ff91d5cdc2d
      size: 3802
    params:
      params.yaml:
        feature_engineering.max_features: 33
    outs:
    - path: data/processed
      hash: md5
      md5: 34728716f8112a645c18a5d4d2f0020f.dir
      size: 791063
      nfiles: 2
  model_building:
    cmd: python src/model_building.py
    deps:
    - path: data/processed
      hash: md5
      md5: 34728716f8112a645c18a5d4d2f0020f.dir
      size: 791063
      nfiles: 2
    - path: src/model_building.py
      hash: md5
      md5: a415c81a95e4448429dc368852d6a823
      size: 4288
    params:
      params.yaml:
        model_building.n_estimators: 22
        model_building.random_state: 2
    outs:
    - path: models/model.pkl
      hash: md5
      md5: 55a1dd2d515ced1562683da7e4493668
      size: 699027
  model_evaluation:
    cmd: python src/model_evaluation.py
    deps:
    - path: models/model.pkl
      hash: md5
      md5: 55a1dd2d515ced1562683da7e4493668
      size: 699027
    - path: src/model_evaluation.py
      hash: md5
      md5: efb1de9838f57b0e50862992a47805df
      size: 4502
    outs:
    - path: reports/metrics.json
      hash: md5
      md5: 51ca9c574bfba881e8ef3d89afb4c82e
      size: 145
